{
  "originHash" : "8db810839d2e05d8fa43fe72481467e8e9f47bda8dad613e17d2b9a570e27109",
  "pins" : [
    {
      "identity" : "nuke",
      "kind" : "remoteSourceControl",
      "location" : "https://github.com/kean/Nuke",
      "state" : {
        "revision" : "2e9337168d08acccf72c039bf9324be24a1cf7d7"
      }
    }
  ],
  "version" : 3
}
